
Microsoft Visual Studio Solution File, Format Version 12.00
# Visual Studio Version 17
VisualStudioVersion = 17.5.002.0
MinimumVisualStudioVersion = 10.0.40219.1
Project("{9A19103F-16F7-4668-BE54-9A1E7A4F7556}") = "VelcroPhysics.MonoGame.Samples.Demo", "VelcroPhysics.MonoGame.Samples.Demo.csproj", "{D01D9FC2-1CDB-40A3-A209-3252DDBA056C}"
EndProject
Global
	GlobalSection(SolutionConfigurationPlatforms) = preSolution
		Debug|Any CPU = Debug|Any CPU
		Release|Any CPU = Release|Any CPU
	EndGlobalSection
	GlobalSection(ProjectConfigurationPlatforms) = postSolution
		{D01D9FC2-1CDB-40A3-A209-3252DDBA056C}.Debug|Any CPU.ActiveCfg = Debug|Any CPU
		{D01D9FC2-1CDB-40A3-A209-3252DDBA056C}.Debug|Any CPU.Build.0 = Debug|Any CPU
		{D01D9FC2-1CDB-40A3-A209-3252DDBA056C}.Release|Any CPU.ActiveCfg = Release|Any CPU
		{D01D9FC2-1CDB-40A3-A209-3252DDBA056C}.Release|Any CPU.Build.0 = Release|Any CPU
	EndGlobalSection
	GlobalSection(SolutionProperties) = preSolution
		HideSolutionNode = FALSE
	EndGlobalSection
	GlobalSection(ExtensibilityGlobals) = postSolution
		SolutionGuid = {F45CDDFA-CAB6-4518-BAB5-46A8FCE59E83}
	EndGlobalSection
EndGlobal
